
Microsoft Visual Studio Solution File, Format Version 12.00
# Visual Studio Version 17
VisualStudioVersion = 17.2.32630.192
MinimumVisualStudioVersion = 10.0.40219.1
Project("{9A19103F-16F7-4668-BE54-9A1E7A4F7556}") = "R5T.Z0054", "R5T.Z0054\R5T.Z0054.csproj", "{E9B93B50-1240-41E4-9A37-FCB16E5D77C2}"
EndProject
Project("{2150E333-8FDC-42A3-9474-1A3956D46DE8}") = "_Dependencies", "_Dependencies", "{1ABE06E7-DB3C-409F-A745-9E5846ACFBB1}"
EndProject
Project("{9A19103F-16F7-4668-BE54-9A1E7A4F7556}") = "R5T.T0132", "..\..\R5T.T0132\source\R5T.T0132\R5T.T0132.csproj", "{FB1D3510-5EDC-4ABD-A358-13C5A9966614}"
EndProject
Project("{9A19103F-16F7-4668-BE54-9A1E7A4F7556}") = "R5T.T0143", "..\..\R5T.T0143\source\R5T.T0143\R5T.T0143.csproj", "{463D44F1-6A2C-42B5-A0FB-9ABC2D18D6B5}"
EndProject
Project("{9A19103F-16F7-4668-BE54-9A1E7A4F7556}") = "R5T.T0178", "..\..\R5T.T0178\source\R5T.T0178\R5T.T0178.csproj", "{77E52079-B8A4-422F-ADEC-6C0110CC3275}"
EndProject
Project("{9A19103F-16F7-4668-BE54-9A1E7A4F7556}") = "R5T.T0179", "..\..\R5T.T0179\source\R5T.T0179\R5T.T0179.csproj", "{381DCD59-E194-4F63-8ADA-5E55B5C52E4F}"
EndProject
Project("{9A19103F-16F7-4668-BE54-9A1E7A4F7556}") = "R5T.T0185", "..\..\R5T.T0185\source\R5T.T0185\R5T.T0185.csproj", "{2C08A779-C10C-488F-9044-9DE34BFBD7A6}"
EndProject
Project("{9A19103F-16F7-4668-BE54-9A1E7A4F7556}") = "R5T.T0203", "..\..\R5T.T0203\source\R5T.T0203\R5T.T0203.csproj", "{C3EFCDEB-B766-45B3-A813-716F7CCA4689}"
EndProject
Project("{9A19103F-16F7-4668-BE54-9A1E7A4F7556}") = "R5T.T0211", "..\..\R5T.T0211\source\R5T.T0211\R5T.T0211.csproj", "{B9E2D2EA-5B1C-4044-B98E-D8981032C96E}"
EndProject
Project("{9A19103F-16F7-4668-BE54-9A1E7A4F7556}") = "R5T.T0131", "..\..\R5T.T0131\source\R5T.T0131\R5T.T0131.csproj", "{0460E60D-2EA5-4A55-B2E4-5AF223CB7D23}"
EndProject
Global
	GlobalSection(NestedProjects) = preSolution
		{FB1D3510-5EDC-4ABD-A358-13C5A9966614} = {1ABE06E7-DB3C-409F-A745-9E5846ACFBB1}
		{463D44F1-6A2C-42B5-A0FB-9ABC2D18D6B5} = {1ABE06E7-DB3C-409F-A745-9E5846ACFBB1}
		{77E52079-B8A4-422F-ADEC-6C0110CC3275} = {1ABE06E7-DB3C-409F-A745-9E5846ACFBB1}
		{381DCD59-E194-4F63-8ADA-5E55B5C52E4F} = {1ABE06E7-DB3C-409F-A745-9E5846ACFBB1}
		{2C08A779-C10C-488F-9044-9DE34BFBD7A6} = {1ABE06E7-DB3C-409F-A745-9E5846ACFBB1}
		{C3EFCDEB-B766-45B3-A813-716F7CCA4689} = {1ABE06E7-DB3C-409F-A745-9E5846ACFBB1}
		{B9E2D2EA-5B1C-4044-B98E-D8981032C96E} = {1ABE06E7-DB3C-409F-A745-9E5846ACFBB1}
		{0460E60D-2EA5-4A55-B2E4-5AF223CB7D23} = {1ABE06E7-DB3C-409F-A745-9E5846ACFBB1}
	EndGlobalSection
	GlobalSection(SolutionConfigurationPlatforms) = preSolution
		Debug|Any CPU = Debug|Any CPU
		Release|Any CPU = Release|Any CPU
	EndGlobalSection
	GlobalSection(ProjectConfigurationPlatforms) = postSolution
		{E9B93B50-1240-41E4-9A37-FCB16E5D77C2}.Debug|Any CPU.ActiveCfg = Debug|Any CPU
		{E9B93B50-1240-41E4-9A37-FCB16E5D77C2}.Debug|Any CPU.Build.0 = Debug|Any CPU
		{E9B93B50-1240-41E4-9A37-FCB16E5D77C2}.Release|Any CPU.ActiveCfg = Release|Any CPU
		{E9B93B50-1240-41E4-9A37-FCB16E5D77C2}.Release|Any CPU.Build.0 = Release|Any CPU
		{FB1D3510-5EDC-4ABD-A358-13C5A9966614}.Debug|Any CPU.ActiveCfg = Debug|Any CPU
		{FB1D3510-5EDC-4ABD-A358-13C5A9966614}.Debug|Any CPU.Build.0 = Debug|Any CPU
		{FB1D3510-5EDC-4ABD-A358-13C5A9966614}.Release|Any CPU.ActiveCfg = Release|Any CPU
		{FB1D3510-5EDC-4ABD-A358-13C5A9966614}.Release|Any CPU.Build.0 = Release|Any CPU
		{463D44F1-6A2C-42B5-A0FB-9ABC2D18D6B5}.Debug|Any CPU.ActiveCfg = Debug|Any CPU
		{463D44F1-6A2C-42B5-A0FB-9ABC2D18D6B5}.Debug|Any CPU.Build.0 = Debug|Any CPU
		{463D44F1-6A2C-42B5-A0FB-9ABC2D18D6B5}.Release|Any CPU.ActiveCfg = Release|Any CPU
		{463D44F1-6A2C-42B5-A0FB-9ABC2D18D6B5}.Release|Any CPU.Build.0 = Release|Any CPU
		{77E52079-B8A4-422F-ADEC-6C0110CC3275}.Debug|Any CPU.ActiveCfg = Debug|Any CPU
		{77E52079-B8A4-422F-ADEC-6C0110CC3275}.Debug|Any CPU.Build.0 = Debug|Any CPU
		{77E52079-B8A4-422F-ADEC-6C0110CC3275}.Release|Any CPU.ActiveCfg = Release|Any CPU
		{77E52079-B8A4-422F-ADEC-6C0110CC3275}.Release|Any CPU.Build.0 = Release|Any CPU
		{381DCD59-E194-4F63-8ADA-5E55B5C52E4F}.Debug|Any CPU.ActiveCfg = Debug|Any CPU
		{381DCD59-E194-4F63-8ADA-5E55B5C52E4F}.Debug|Any CPU.Build.0 = Debug|Any CPU
		{381DCD59-E194-4F63-8ADA-5E55B5C52E4F}.Release|Any CPU.ActiveCfg = Release|Any CPU
		{381DCD59-E194-4F63-8ADA-5E55B5C52E4F}.Release|Any CPU.Build.0 = Release|Any CPU
		{2C08A779-C10C-488F-9044-9DE34BFBD7A6}.Debug|Any CPU.ActiveCfg = Debug|Any CPU
		{2C08A779-C10C-488F-9044-9DE34BFBD7A6}.Debug|Any CPU.Build.0 = Debug|Any CPU
		{2C08A779-C10C-488F-9044-9DE34BFBD7A6}.Release|Any CPU.ActiveCfg = Release|Any CPU
		{2C08A779-C10C-488F-9044-9DE34BFBD7A6}.Release|Any CPU.Build.0 = Release|Any CPU
		{C3EFCDEB-B766-45B3-A813-716F7CCA4689}.Debug|Any CPU.ActiveCfg = Debug|Any CPU
		{C3EFCDEB-B766-45B3-A813-716F7CCA4689}.Debug|Any CPU.Build.0 = Debug|Any CPU
		{C3EFCDEB-B766-45B3-A813-716F7CCA4689}.Release|Any CPU.ActiveCfg = Release|Any CPU
		{C3EFCDEB-B766-45B3-A813-716F7CCA4689}.Release|Any CPU.Build.0 = Release|Any CPU
		{B9E2D2EA-5B1C-4044-B98E-D8981032C96E}.Debug|Any CPU.ActiveCfg = Debug|Any CPU
		{B9E2D2EA-5B1C-4044-B98E-D8981032C96E}.Debug|Any CPU.Build.0 = Debug|Any CPU
		{B9E2D2EA-5B1C-4044-B98E-D8981032C96E}.Release|Any CPU.ActiveCfg = Release|Any CPU
		{B9E2D2EA-5B1C-4044-B98E-D8981032C96E}.Release|Any CPU.Build.0 = Release|Any CPU
		{0460E60D-2EA5-4A55-B2E4-5AF223CB7D23}.Debug|Any CPU.ActiveCfg = Debug|Any CPU
		{0460E60D-2EA5-4A55-B2E4-5AF223CB7D23}.Debug|Any CPU.Build.0 = Debug|Any CPU
		{0460E60D-2EA5-4A55-B2E4-5AF223CB7D23}.Release|Any CPU.ActiveCfg = Release|Any CPU
		{0460E60D-2EA5-4A55-B2E4-5AF223CB7D23}.Release|Any CPU.Build.0 = Release|Any CPU
	EndGlobalSection
	GlobalSection(SolutionProperties) = preSolution
		HideSolutionNode = FALSE
	EndGlobalSection
	GlobalSection(ExtensibilityGlobals) = postSolution
		SolutionGuid = {64F1DAE8-71E0-4835-8999-AACFB3A5CEEB}
	EndGlobalSection
EndGlobal
