
Microsoft Visual Studio Solution File, Format Version 12.00
# Visual Studio Version 17
VisualStudioVersion = 17.2.32630.192
MinimumVisualStudioVersion = 10.0.40219.1
Project("{9A19103F-16F7-4668-BE54-9A1E7A4F7556}") = "R5T.Z0054.Construction", "R5T.Z0054.Construction\R5T.Z0054.Construction.csproj", "{1C0E595B-CC62-45BB-BAB4-6B2DF3A015C8}"
EndProject
Project("{9A19103F-16F7-4668-BE54-9A1E7A4F7556}") = "R5T.Z0054", "R5T.Z0054\R5T.Z0054.csproj", "{7BC1CB5A-C9D9-430E-A604-66108D23949F}"
EndProject
Project("{2150E333-8FDC-42A3-9474-1A3956D46DE8}") = "_Dependencies", "_Dependencies", "{1E3D71B2-F32C-4F2F-BE24-91BA7034FE9A}"
EndProject
Project("{9A19103F-16F7-4668-BE54-9A1E7A4F7556}") = "R5T.T0132", "..\..\R5T.T0132\source\R5T.T0132\R5T.T0132.csproj", "{05F541ED-AED5-4B59-884F-6E5B70FB9983}"
EndProject
Project("{9A19103F-16F7-4668-BE54-9A1E7A4F7556}") = "R5T.T0143", "..\..\R5T.T0143\source\R5T.T0143\R5T.T0143.csproj", "{C7AE5649-DC2E-4453-BB57-BC1249F05763}"
EndProject
Project("{9A19103F-16F7-4668-BE54-9A1E7A4F7556}") = "R5T.T0178", "..\..\R5T.T0178\source\R5T.T0178\R5T.T0178.csproj", "{316E1CE2-F086-4858-BE88-E8AEF7FB8DFA}"
EndProject
Project("{9A19103F-16F7-4668-BE54-9A1E7A4F7556}") = "R5T.T0179", "..\..\R5T.T0179\source\R5T.T0179\R5T.T0179.csproj", "{7CEC7440-B1E5-4B93-854B-9F0A6217F20F}"
EndProject
Project("{9A19103F-16F7-4668-BE54-9A1E7A4F7556}") = "R5T.T0185", "..\..\R5T.T0185\source\R5T.T0185\R5T.T0185.csproj", "{AB1CDF9E-2E7D-4701-994C-9BD3DE022BCE}"
EndProject
Project("{9A19103F-16F7-4668-BE54-9A1E7A4F7556}") = "R5T.T0203", "..\..\R5T.T0203\source\R5T.T0203\R5T.T0203.csproj", "{A221C98C-DCF2-4E91-BF55-56F86EA5F467}"
EndProject
Project("{9A19103F-16F7-4668-BE54-9A1E7A4F7556}") = "R5T.T0211", "..\..\R5T.T0211\source\R5T.T0211\R5T.T0211.csproj", "{B07C60BE-BA59-4611-A197-C837DE9CA3DB}"
EndProject
Project("{9A19103F-16F7-4668-BE54-9A1E7A4F7556}") = "R5T.T0131", "..\..\R5T.T0131\source\R5T.T0131\R5T.T0131.csproj", "{755CE0CF-4250-4603-98A5-BF29B1410869}"
EndProject
Global
	GlobalSection(NestedProjects) = preSolution
		{05F541ED-AED5-4B59-884F-6E5B70FB9983} = {1E3D71B2-F32C-4F2F-BE24-91BA7034FE9A}
		{C7AE5649-DC2E-4453-BB57-BC1249F05763} = {1E3D71B2-F32C-4F2F-BE24-91BA7034FE9A}
		{316E1CE2-F086-4858-BE88-E8AEF7FB8DFA} = {1E3D71B2-F32C-4F2F-BE24-91BA7034FE9A}
		{7CEC7440-B1E5-4B93-854B-9F0A6217F20F} = {1E3D71B2-F32C-4F2F-BE24-91BA7034FE9A}
		{AB1CDF9E-2E7D-4701-994C-9BD3DE022BCE} = {1E3D71B2-F32C-4F2F-BE24-91BA7034FE9A}
		{A221C98C-DCF2-4E91-BF55-56F86EA5F467} = {1E3D71B2-F32C-4F2F-BE24-91BA7034FE9A}
		{B07C60BE-BA59-4611-A197-C837DE9CA3DB} = {1E3D71B2-F32C-4F2F-BE24-91BA7034FE9A}
		{755CE0CF-4250-4603-98A5-BF29B1410869} = {1E3D71B2-F32C-4F2F-BE24-91BA7034FE9A}
	EndGlobalSection
	GlobalSection(SolutionConfigurationPlatforms) = preSolution
		Debug|Any CPU = Debug|Any CPU
		Release|Any CPU = Release|Any CPU
	EndGlobalSection
	GlobalSection(ProjectConfigurationPlatforms) = postSolution
		{1C0E595B-CC62-45BB-BAB4-6B2DF3A015C8}.Debug|Any CPU.ActiveCfg = Debug|Any CPU
		{1C0E595B-CC62-45BB-BAB4-6B2DF3A015C8}.Debug|Any CPU.Build.0 = Debug|Any CPU
		{1C0E595B-CC62-45BB-BAB4-6B2DF3A015C8}.Release|Any CPU.ActiveCfg = Release|Any CPU
		{1C0E595B-CC62-45BB-BAB4-6B2DF3A015C8}.Release|Any CPU.Build.0 = Release|Any CPU
		{7BC1CB5A-C9D9-430E-A604-66108D23949F}.Debug|Any CPU.ActiveCfg = Debug|Any CPU
		{7BC1CB5A-C9D9-430E-A604-66108D23949F}.Debug|Any CPU.Build.0 = Debug|Any CPU
		{7BC1CB5A-C9D9-430E-A604-66108D23949F}.Release|Any CPU.ActiveCfg = Release|Any CPU
		{7BC1CB5A-C9D9-430E-A604-66108D23949F}.Release|Any CPU.Build.0 = Release|Any CPU
		{05F541ED-AED5-4B59-884F-6E5B70FB9983}.Debug|Any CPU.ActiveCfg = Debug|Any CPU
		{05F541ED-AED5-4B59-884F-6E5B70FB9983}.Debug|Any CPU.Build.0 = Debug|Any CPU
		{05F541ED-AED5-4B59-884F-6E5B70FB9983}.Release|Any CPU.ActiveCfg = Release|Any CPU
		{05F541ED-AED5-4B59-884F-6E5B70FB9983}.Release|Any CPU.Build.0 = Release|Any CPU
		{C7AE5649-DC2E-4453-BB57-BC1249F05763}.Debug|Any CPU.ActiveCfg = Debug|Any CPU
		{C7AE5649-DC2E-4453-BB57-BC1249F05763}.Debug|Any CPU.Build.0 = Debug|Any CPU
		{C7AE5649-DC2E-4453-BB57-BC1249F05763}.Release|Any CPU.ActiveCfg = Release|Any CPU
		{C7AE5649-DC2E-4453-BB57-BC1249F05763}.Release|Any CPU.Build.0 = Release|Any CPU
		{316E1CE2-F086-4858-BE88-E8AEF7FB8DFA}.Debug|Any CPU.ActiveCfg = Debug|Any CPU
		{316E1CE2-F086-4858-BE88-E8AEF7FB8DFA}.Debug|Any CPU.Build.0 = Debug|Any CPU
		{316E1CE2-F086-4858-BE88-E8AEF7FB8DFA}.Release|Any CPU.ActiveCfg = Release|Any CPU
		{316E1CE2-F086-4858-BE88-E8AEF7FB8DFA}.Release|Any CPU.Build.0 = Release|Any CPU
		{7CEC7440-B1E5-4B93-854B-9F0A6217F20F}.Debug|Any CPU.ActiveCfg = Debug|Any CPU
		{7CEC7440-B1E5-4B93-854B-9F0A6217F20F}.Debug|Any CPU.Build.0 = Debug|Any CPU
		{7CEC7440-B1E5-4B93-854B-9F0A6217F20F}.Release|Any CPU.ActiveCfg = Release|Any CPU
		{7CEC7440-B1E5-4B93-854B-9F0A6217F20F}.Release|Any CPU.Build.0 = Release|Any CPU
		{AB1CDF9E-2E7D-4701-994C-9BD3DE022BCE}.Debug|Any CPU.ActiveCfg = Debug|Any CPU
		{AB1CDF9E-2E7D-4701-994C-9BD3DE022BCE}.Debug|Any CPU.Build.0 = Debug|Any CPU
		{AB1CDF9E-2E7D-4701-994C-9BD3DE022BCE}.Release|Any CPU.ActiveCfg = Release|Any CPU
		{AB1CDF9E-2E7D-4701-994C-9BD3DE022BCE}.Release|Any CPU.Build.0 = Release|Any CPU
		{A221C98C-DCF2-4E91-BF55-56F86EA5F467}.Debug|Any CPU.ActiveCfg = Debug|Any CPU
		{A221C98C-DCF2-4E91-BF55-56F86EA5F467}.Debug|Any CPU.Build.0 = Debug|Any CPU
		{A221C98C-DCF2-4E91-BF55-56F86EA5F467}.Release|Any CPU.ActiveCfg = Release|Any CPU
		{A221C98C-DCF2-4E91-BF55-56F86EA5F467}.Release|Any CPU.Build.0 = Release|Any CPU
		{B07C60BE-BA59-4611-A197-C837DE9CA3DB}.Debug|Any CPU.ActiveCfg = Debug|Any CPU
		{B07C60BE-BA59-4611-A197-C837DE9CA3DB}.Debug|Any CPU.Build.0 = Debug|Any CPU
		{B07C60BE-BA59-4611-A197-C837DE9CA3DB}.Release|Any CPU.ActiveCfg = Release|Any CPU
		{B07C60BE-BA59-4611-A197-C837DE9CA3DB}.Release|Any CPU.Build.0 = Release|Any CPU
		{755CE0CF-4250-4603-98A5-BF29B1410869}.Debug|Any CPU.ActiveCfg = Debug|Any CPU
		{755CE0CF-4250-4603-98A5-BF29B1410869}.Debug|Any CPU.Build.0 = Debug|Any CPU
		{755CE0CF-4250-4603-98A5-BF29B1410869}.Release|Any CPU.ActiveCfg = Release|Any CPU
		{755CE0CF-4250-4603-98A5-BF29B1410869}.Release|Any CPU.Build.0 = Release|Any CPU
	EndGlobalSection
	GlobalSection(SolutionProperties) = preSolution
		HideSolutionNode = FALSE
	EndGlobalSection
	GlobalSection(ExtensibilityGlobals) = postSolution
		SolutionGuid = {1407A5A3-6E1D-46C8-AAF1-7B90387478C9}
	EndGlobalSection
EndGlobal
